{
  "name": "tile_expert_test",
  "version": "1.0.0",
  "lockfileVersion": 1,
  "requires": true,
  "dependencies": {
    "@material/animation": {
      "version": "10.0.0",
      "resolved": "https://registry.npmjs.org/@material/animation/-/animation-10.0.0.tgz",
      "integrity": "sha512-5e8e+W+n105rfSTRI5Mfmh9VMqzNG8+OhxjfDr7k0lYCfjbkT8LsAInonC5EotJzcaxD0vtDUqRqdW8xKIXNWg==",
      "requires": {
        "tslib": "^1.9.3"
      }
    },
    "@material/base": {
      "version": "10.0.0",
      "resolved": "https://registry.npmjs.org/@material/base/-/base-10.0.0.tgz",
      "integrity": "sha512-PQWNSsNYVvMcWKsRFHgs5JjsHuv6cTogdlp9uhx5ChdLNCkflpXlMKJ7aYfcl56fdLntWQbxXowLh1JAfrTrmg==",
      "requires": {
        "tslib": "^1.9.3"
      }
    },
    "@material/density": {
      "version": "10.0.0",
      "resolved": "https://registry.npmjs.org/@material/density/-/density-10.0.0.tgz",
      "integrity": "sha512-nLf8N5e6tEYo+W762z3coTDl2b1FFKJv/uU+E5UsBYOL0ftXrOMtiYSwg9MJjfWtdG+uUBfb3VLcBvIl2x3C0w=="
    },
    "@material/dom": {
      "version": "10.0.0",
      "resolved": "https://registry.npmjs.org/@material/dom/-/dom-10.0.0.tgz",
      "integrity": "sha512-rimaFIRsbacSjnk/1IqQZLOjoIWYhmuR6AZR35nkeAYg0H3DmLuNTGyAgsMaC8O/1vBcAp+c4N9WASkITCOE5A==",
      "requires": {
        "@material/feature-targeting": "^10.0.0",
        "tslib": "^1.9.3"
      }
    },
    "@material/feature-targeting": {
      "version": "10.0.0",
      "resolved": "https://registry.npmjs.org/@material/feature-targeting/-/feature-targeting-10.0.0.tgz",
      "integrity": "sha512-Pn48jeeD2ScMq0NoR0k9SeC3UFOOTarKNIYxL+TkFRLGks/TgFoSIDRwXCzva/9umw9/Q2xOWrY/Gqs1zBIgOA=="
    },
    "@material/floating-label": {
      "version": "10.0.0",
      "resolved": "https://registry.npmjs.org/@material/floating-label/-/floating-label-10.0.0.tgz",
      "integrity": "sha512-np5ETpkZiv4WkgO9b4PKM9oWnuMaF7smxPx0ef4xvwj1jfj7z40OSV85p+3xVp9fJ6UkiDQBqqB+5xquf/o++w==",
      "requires": {
        "@material/animation": "^10.0.0",
        "@material/base": "^10.0.0",
        "@material/dom": "^10.0.0",
        "@material/feature-targeting": "^10.0.0",
        "@material/rtl": "^10.0.0",
        "@material/theme": "^10.0.0",
        "@material/typography": "^10.0.0",
        "tslib": "^1.9.3"
      }
    },
    "@material/icon-button": {
      "version": "10.0.0",
      "resolved": "https://registry.npmjs.org/@material/icon-button/-/icon-button-10.0.0.tgz",
      "integrity": "sha512-e7oQq2LlUA+UGGzlgvityPV+bTRJ7sFs8grlwM0C86adXzc/6nYBNmmgcqUpQDiCtBj5Dqo8oQSUVGRkHIqEiQ==",
      "requires": {
        "@material/base": "^10.0.0",
        "@material/density": "^10.0.0",
        "@material/feature-targeting": "^10.0.0",
        "@material/ripple": "^10.0.0",
        "@material/rtl": "^10.0.0",
        "@material/theme": "^10.0.0",
        "tslib": "^1.9.3"
      }
    },
    "@material/line-ripple": {
      "version": "10.0.0",
      "resolved": "https://registry.npmjs.org/@material/line-ripple/-/line-ripple-10.0.0.tgz",
      "integrity": "sha512-68Kn1cs2T0GWRdAfdtoDz5grROVeGtS9WSYe0kCDsoXFmHEjGhxVZfIT3E6as6NcrP7haLPJEV6ACg4tvzr8uQ==",
      "requires": {
        "@material/animation": "^10.0.0",
        "@material/base": "^10.0.0",
        "@material/feature-targeting": "^10.0.0",
        "@material/theme": "^10.0.0",
        "tslib": "^1.9.3"
      }
    },
    "@material/notched-outline": {
      "version": "10.0.0",
      "resolved": "https://registry.npmjs.org/@material/notched-outline/-/notched-outline-10.0.0.tgz",
      "integrity": "sha512-SgiLTX2Wy15EAVl6eve+5ruBpnmkN3BclB/6RARvswld6uXhJ4HFSM01sztg4QPhCDehyqNIZvo/LdtyK+99vg==",
      "requires": {
        "@material/base": "^10.0.0",
        "@material/feature-targeting": "^10.0.0",
        "@material/floating-label": "^10.0.0",
        "@material/rtl": "^10.0.0",
        "@material/shape": "^10.0.0",
        "@material/theme": "^10.0.0",
        "tslib": "^1.9.3"
      }
    },
    "@material/ripple": {
      "version": "10.0.0",
      "resolved": "https://registry.npmjs.org/@material/ripple/-/ripple-10.0.0.tgz",
      "integrity": "sha512-KZPJ6YvLFJKkulUemKFq/Y3h9/Pbta+zOjBN1ZoeiP5++5thfsMJuL+L2bWa4GqUjSj66xW75LQrxX/ammCYzw==",
      "requires": {
        "@material/animation": "^10.0.0",
        "@material/base": "^10.0.0",
        "@material/dom": "^10.0.0",
        "@material/feature-targeting": "^10.0.0",
        "@material/theme": "^10.0.0",
        "tslib": "^1.9.3"
      }
    },
    "@material/rtl": {
      "version": "10.0.0",
      "resolved": "https://registry.npmjs.org/@material/rtl/-/rtl-10.0.0.tgz",
      "integrity": "sha512-887Dq0JrlRx5uwQ2Ku4Gig0e7iMIdKAAvvk/Wnglo9jFUvJE94rgSyyDLbwsN4vo1s33PwxHK1uWteALkzMQWw==",
      "requires": {
        "@material/theme": "^10.0.0"
      }
    },
    "@material/shape": {
      "version": "10.0.0",
      "resolved": "https://registry.npmjs.org/@material/shape/-/shape-10.0.0.tgz",
      "integrity": "sha512-2zUib2htoZz21ULa9lNd4llGOWlZcGLBKKJdNV6wsyPlqdh6SjEXf3Fz1BrWV6pQVW3fhnhn+oTFLMveV1mMZw==",
      "requires": {
        "@material/feature-targeting": "^10.0.0",
        "@material/rtl": "^10.0.0",
        "@material/theme": "^10.0.0"
      }
    },
    "@material/textfield": {
      "version": "10.0.0",
      "resolved": "https://registry.npmjs.org/@material/textfield/-/textfield-10.0.0.tgz",
      "integrity": "sha512-EqqG1c8J8pGTBV3ogXlEi3ZxGuG8qAGYw9Z3QI+r3FvYvrX4qp9Xl1ifDRweVF18eJ28DINXqBdL7XNmnCaZpw==",
      "requires": {
        "@material/animation": "^10.0.0",
        "@material/base": "^10.0.0",
        "@material/density": "^10.0.0",
        "@material/dom": "^10.0.0",
        "@material/feature-targeting": "^10.0.0",
        "@material/floating-label": "^10.0.0",
        "@material/line-ripple": "^10.0.0",
        "@material/notched-outline": "^10.0.0",
        "@material/ripple": "^10.0.0",
        "@material/rtl": "^10.0.0",
        "@material/shape": "^10.0.0",
        "@material/theme": "^10.0.0",
        "@material/typography": "^10.0.0",
        "tslib": "^1.9.3"
      }
    },
    "@material/theme": {
      "version": "10.0.0",
      "resolved": "https://registry.npmjs.org/@material/theme/-/theme-10.0.0.tgz",
      "integrity": "sha512-ll5UFjPR6np4jgTzDQO85VQg6FgLM0Vy1MlyJVRr/kn+2adX5hDxiBOnuC9fTeVhIBBPjbAMOFPa6VhNmAmkvg==",
      "requires": {
        "@material/feature-targeting": "^10.0.0"
      }
    },
    "@material/typography": {
      "version": "10.0.0",
      "resolved": "https://registry.npmjs.org/@material/typography/-/typography-10.0.0.tgz",
      "integrity": "sha512-RtFfL/mfOOkliL/iXY1YPrx8Rw1LZWQC4Jpn2zs04xM+AhhDOcD4Hek5xcvWFjhzEmPUz7yhCTWsMOmVtsXzig==",
      "requires": {
        "@material/feature-targeting": "^10.0.0",
        "@material/theme": "^10.0.0"
      }
    },
    "tslib": {
      "version": "1.14.1",
      "resolved": "https://registry.npmjs.org/tslib/-/tslib-1.14.1.tgz",
      "integrity": "sha512-Xni35NKzjgMrwevysHTCArtLDpPvye8zV/0E4EyYn43P7/7qvQwPh9BGkHewbMulVntbigmcT7rdX3BNo9wRJg=="
    }
  }
}
